{
  "version": "5",
  "specifiers": {
    "jsr:@std/assert@1": "1.0.17",
    "jsr:@std/async@1": "1.1.0",
    "jsr:@std/bytes@1": "1.0.6",
    "jsr:@std/bytes@^1.0.2-rc.3": "1.0.6",
    "jsr:@std/internal@^1.0.10": "1.0.12",
    "jsr:@std/internal@^1.0.12": "1.0.12",
    "jsr:@std/io@0.224.5": "0.224.5",
    "jsr:@std/path@1.1.2": "1.1.2"
  },
  "jsr": {
    "@std/assert@1.0.17": {
      "integrity": "df5ebfffe77c03b3fa1401e11c762cc8f603d51021c56c4d15a8c7ab45e90dbe",
      "dependencies": [
        "jsr:@std/internal@^1.0.12"
      ]
    },
    "@std/async@1.1.0": {
      "integrity": "72418df08d1be84668a53e48aab3520d68ae6882182f8a5ca75c6d1f087220d1"
    },
    "@std/bytes@1.0.6": {
      "integrity": "f6ac6adbd8ccd99314045f5703e23af0a68d7f7e58364b47d2c7f408aeb5820a"
    },
    "@std/internal@1.0.12": {
      "integrity": "972a634fd5bc34b242024402972cd5143eac68d8dffaca5eaa4dba30ce17b027"
    },
    "@std/io@0.224.5": {
      "integrity": "cb84fe655d1273fca94efcff411465027a8b0b4225203f19d6ee98d9c8920a2d",
      "dependencies": [
        "jsr:@std/bytes@^1.0.2-rc.3"
      ]
    },
    "@std/path@1.1.2": {
      "integrity": "c0b13b97dfe06546d5e16bf3966b1cadf92e1cc83e56ba5476ad8b498d9e3038",
      "dependencies": [
        "jsr:@std/internal@^1.0.10"
      ]
    }
  },
  "redirects": {
    "https://deno.land/x/redis/mod.ts": "https://deno.land/x/redis@v0.40.0/mod.ts",
    "https://lib.deno.dev/x/grammy@v1/mod.ts": "https://deno.land/x/grammy@v1.38.4/mod.ts"
  },
  "remote": {
    "https://cdn.skypack.dev/-/debug@v4.4.3-Brh22weuCvWY3rcSd25Q/dist=es2019,mode=imports/optimized/debug.js": "931098fa073c5244168f500d7eecf16557a6ff58fdefe079384f427b8d0ac915",
    "https://cdn.skypack.dev/-/ms@v2.1.3-dWyghJmVCt8Lp5D9h2ww/dist=es2019,mode=imports/optimized/ms.js": "fd88e2d51900437011f1ad232f3393ce97db1b87a7844b3c58dd6d65562c1276",
    "https://cdn.skypack.dev/debug@4.4.3": "4be25679f8af63e0d2f06afee7f8c1411f1c3144be3d3e96ab31e198e4a6d5cd",
    "https://deno.land/x/grammy@v1.38.4/bot.ts": "91c8c20937a9c5a9a3c1b3bac8ac404225a0bf3bcace3538d64577dc18fe2a1d",
    "https://deno.land/x/grammy@v1.38.4/composer.ts": "4fcfc5c5b68107c0e0f24a9b00a5f3cf8d4ed0adee964be17005d96782e09562",
    "https://deno.land/x/grammy@v1.38.4/context.ts": "ae3210e98acfb25905af773010f07e874dc2a84e0e65b3fa4de27882fc3badc0",
    "https://deno.land/x/grammy@v1.38.4/convenience/constants.ts": "1560129784be52f49aa0bea8716f09ed00dac367fef195be6a2c09bdfc43fb99",
    "https://deno.land/x/grammy@v1.38.4/convenience/frameworks.ts": "15fd69f479a749446a2c5a953c5d66a64542bc87d8b43b18419ee5dd57c8b5de",
    "https://deno.land/x/grammy@v1.38.4/convenience/inline_query.ts": "409d1940c7670708064efa495003bcbfdf6763a756b2e6303c464489fd3394ff",
    "https://deno.land/x/grammy@v1.38.4/convenience/input_media.ts": "7af72a5fdb1af0417e31b1327003f536ddfdf64e06ab8bc7f5da6b574de38658",
    "https://deno.land/x/grammy@v1.38.4/convenience/keyboard.ts": "dc5d3f53d0f6a15600ced9b40c85debe55a5d381436826b4cdede18c84bd6bae",
    "https://deno.land/x/grammy@v1.38.4/convenience/session.ts": "5e4b976528a0b3d7893645ac23e2e35e78671af578a3aed5efb4b621e7e9b6da",
    "https://deno.land/x/grammy@v1.38.4/convenience/webhook.ts": "e778e7e0ac5f86600f53534e2fcb799b4bd30562eb0696279181330e76d394f7",
    "https://deno.land/x/grammy@v1.38.4/core/api.ts": "60a82ad4f6e705250b4837b03020e30c895b5ab0a9a8226497521f28aae4f789",
    "https://deno.land/x/grammy@v1.38.4/core/client.ts": "f0acb24fc16a7a41727db4de0799f4153fe3b8d9571931dbbaa89da97030bcae",
    "https://deno.land/x/grammy@v1.38.4/core/error.ts": "5245f18f273da6be364f525090c24d2e9a282c180904f674f66946f2b2556247",
    "https://deno.land/x/grammy@v1.38.4/core/payload.ts": "420e17c3c2830b5576ea187cfce77578fe09f1204b25c25ea2f220ca7c86e73b",
    "https://deno.land/x/grammy@v1.38.4/filter.ts": "a509e2784a5936e6043315f1654ca9d3f082555e128730f782d3ff90a58bbfe7",
    "https://deno.land/x/grammy@v1.38.4/mod.ts": "a973e356760eed1b58bc89280e6eb41bbdf74035f6348c08d6cebf50da1dac34",
    "https://deno.land/x/grammy@v1.38.4/platform.deno.ts": "bff65a7efb99b4645ad20d7c4041a61b7faf55b14261ee75363d9bd0c6d7ee8a",
    "https://deno.land/x/grammy@v1.38.4/types.deno.ts": "630638c10558e19bf05c73a8f7ab5f4f9befe425cc86b906e5ee487071f3255d",
    "https://deno.land/x/grammy@v1.38.4/types.ts": "729415590dfa188dbe924dea614dff4e976babdbabb28a307b869fc25777cdf0",
    "https://deno.land/x/grammy@v1.39.3/bot.ts": "91c8c20937a9c5a9a3c1b3bac8ac404225a0bf3bcace3538d64577dc18fe2a1d",
    "https://deno.land/x/grammy@v1.39.3/composer.ts": "4fcfc5c5b68107c0e0f24a9b00a5f3cf8d4ed0adee964be17005d96782e09562",
    "https://deno.land/x/grammy@v1.39.3/context.ts": "516b53dabb753334b48d8162c7ed7ef9640a362050e5385ec0e00507a47bfa62",
    "https://deno.land/x/grammy@v1.39.3/convenience/constants.ts": "1560129784be52f49aa0bea8716f09ed00dac367fef195be6a2c09bdfc43fb99",
    "https://deno.land/x/grammy@v1.39.3/convenience/frameworks.ts": "15fd69f479a749446a2c5a953c5d66a64542bc87d8b43b18419ee5dd57c8b5de",
    "https://deno.land/x/grammy@v1.39.3/convenience/inline_query.ts": "409d1940c7670708064efa495003bcbfdf6763a756b2e6303c464489fd3394ff",
    "https://deno.land/x/grammy@v1.39.3/convenience/input_media.ts": "7af72a5fdb1af0417e31b1327003f536ddfdf64e06ab8bc7f5da6b574de38658",
    "https://deno.land/x/grammy@v1.39.3/convenience/keyboard.ts": "dc5d3f53d0f6a15600ced9b40c85debe55a5d381436826b4cdede18c84bd6bae",
    "https://deno.land/x/grammy@v1.39.3/convenience/session.ts": "5e4b976528a0b3d7893645ac23e2e35e78671af578a3aed5efb4b621e7e9b6da",
    "https://deno.land/x/grammy@v1.39.3/convenience/webhook.ts": "d49c6be23398782670b1b03c84dfa64391686301640e2966b6dab5bba1537bf6",
    "https://deno.land/x/grammy@v1.39.3/core/api.ts": "ac9bdb3be2c99c82387aad90df42933278e78c92216f6737bebf701deb69f929",
    "https://deno.land/x/grammy@v1.39.3/core/client.ts": "f0acb24fc16a7a41727db4de0799f4153fe3b8d9571931dbbaa89da97030bcae",
    "https://deno.land/x/grammy@v1.39.3/core/error.ts": "5245f18f273da6be364f525090c24d2e9a282c180904f674f66946f2b2556247",
    "https://deno.land/x/grammy@v1.39.3/core/payload.ts": "5e27679acca66cbca981e2b77b206da3efe262f69d4638290b3567f514f50a0e",
    "https://deno.land/x/grammy@v1.39.3/filter.ts": "9d1d0f7f27b8613e5da58291ea5c3c90fc1cd5239736a3e4e3e8cb53aeca0ad9",
    "https://deno.land/x/grammy@v1.39.3/mod.ts": "a973e356760eed1b58bc89280e6eb41bbdf74035f6348c08d6cebf50da1dac34",
    "https://deno.land/x/grammy@v1.39.3/platform.deno.ts": "bff65a7efb99b4645ad20d7c4041a61b7faf55b14261ee75363d9bd0c6d7ee8a",
    "https://deno.land/x/grammy@v1.39.3/types.deno.ts": "bdc1b34fcac3fcaff6536e314c0219ccb55dcef5e32255274950b27bc9311433",
    "https://deno.land/x/grammy@v1.39.3/types.ts": "729415590dfa188dbe924dea614dff4e976babdbabb28a307b869fc25777cdf0",
    "https://deno.land/x/grammy_conversations@v2.1.1/conversation.ts": "54fe79b76b4e1e1f61df95966cc5d5f63490f4c6a0d9bc476eba00ac5aedbfa7",
    "https://deno.land/x/grammy_conversations@v2.1.1/deps.deno.ts": "a350861a6231f4116d747b306a24400b58831297cc869917d71fea03adb7a21c",
    "https://deno.land/x/grammy_conversations@v2.1.1/engine.ts": "c160609d20faa06650f50d16ff2139a4d623271e7d15dd33023be80057303836",
    "https://deno.land/x/grammy_conversations@v2.1.1/form.ts": "34738b38c6eb89667f09c8b42c96a8034cc4f117940523e0865a6348c468d5d1",
    "https://deno.land/x/grammy_conversations@v2.1.1/menu.ts": "ffb424e71a33bc2356ac478fa83751b914aa83d68264460637570ee2effe4a00",
    "https://deno.land/x/grammy_conversations@v2.1.1/mod.ts": "30f000df07292f6c01f4c0760aa9f597bd94f29519936ecd35c7b251bb8bba00",
    "https://deno.land/x/grammy_conversations@v2.1.1/nope.ts": "1bcd6961347c7144818281fb508af58c34ee33de8b6f60b4a871a05fc869a4c5",
    "https://deno.land/x/grammy_conversations@v2.1.1/plugin.ts": "dac050864505cef10e0ec7d1de6525266682186bcfbf46c87f2ecf2a15f1e2f6",
    "https://deno.land/x/grammy_conversations@v2.1.1/resolve.ts": "eda94d460a34b3c352d9d3479d082db5dfc0863063e34c957107333b6b4450bf",
    "https://deno.land/x/grammy_conversations@v2.1.1/state.ts": "fb98d6410bee9b109b580da8a3c4d873f661872e878151b2837aa09b7eceb613",
    "https://deno.land/x/grammy_conversations@v2.1.1/storage.ts": "3ddc174ba26164f6319f99eef0c621bf614f218c6c4accee8a12a44ccaa94c74",
    "https://deno.land/x/grammy_types@v3.22.2/api.ts": "ae04d6628e3d25ae805bc07a19475065044fc44cde0a40877405bc3544d03a5f",
    "https://deno.land/x/grammy_types@v3.22.2/checklist.ts": "6b3138470069c4227dfff51bf7409b6b3cd25155a245f6f307d7a1dcc98d8881",
    "https://deno.land/x/grammy_types@v3.22.2/inline.ts": "9afd0340eafd22acb163f2f680d58b85719f0edc92dffa4d259fc5232e543d23",
    "https://deno.land/x/grammy_types@v3.22.2/langs.ts": "5f5fd09c58ba3ae942dd7cea2696f95587d2032c1829bba4bca81762b7ef73b6",
    "https://deno.land/x/grammy_types@v3.22.2/manage.ts": "4ef4819b733c31f181016f84321c6aff8f9ac172ca995ff3ffcfbd4a15cd9846",
    "https://deno.land/x/grammy_types@v3.22.2/markup.ts": "dfe9e883cd09ee82d5f032e639ed69acdce8c42ba3f325528ab35b01d5063a1f",
    "https://deno.land/x/grammy_types@v3.22.2/message.ts": "c0d7a19cd22ce0d0de3ee4b9c0a96893f08d4a87bf6ac41f82fb8f8f4ea9bfd8",
    "https://deno.land/x/grammy_types@v3.22.2/methods.ts": "fe9f0655de679ab9cf6dcd972623d396ca9b54d218c5819c446c4c7a159ee445",
    "https://deno.land/x/grammy_types@v3.22.2/mod.ts": "73efb15e1fb664c99ea32fa707a8cd3ed5ff4a1e21fba2fe1ddc78bb476ef84d",
    "https://deno.land/x/grammy_types@v3.22.2/passport.ts": "19820e7d6c279521f8bc8912d6a378239f73d4ab525453808994b5f44ef95215",
    "https://deno.land/x/grammy_types@v3.22.2/payment.ts": "2b83a59a24b7b02ae15fd57cb0ad41ba5b73fda20b725a098f79ac7268d4b351",
    "https://deno.land/x/grammy_types@v3.22.2/settings.ts": "5186837e55f53dfe16749b066237221867f7ebf6174084e69c35603acf413ed7",
    "https://deno.land/x/grammy_types@v3.22.2/story.ts": "f558c6e6054a43fa1403c2376f7c0b51e2138f4e0d13f0f6e870ffd1cd085ae2",
    "https://deno.land/x/grammy_types@v3.22.2/update.ts": "71cc0d5ec860149b71415ba03282b1d7edd0466b36e2789521a3b3a3d7796493",
    "https://deno.land/x/grammy_types@v3.23.0/api.ts": "ae04d6628e3d25ae805bc07a19475065044fc44cde0a40877405bc3544d03a5f",
    "https://deno.land/x/grammy_types@v3.23.0/checklist.ts": "f34524dbc847284f661c93145263585db8a6da93d465e2a129b15011a109b726",
    "https://deno.land/x/grammy_types@v3.23.0/inline.ts": "2d829b18a4cb65d111d1ad984db012b6d9e68f4cfa65349c31410dfc735e968b",
    "https://deno.land/x/grammy_types@v3.23.0/langs.ts": "5f5fd09c58ba3ae942dd7cea2696f95587d2032c1829bba4bca81762b7ef73b6",
    "https://deno.land/x/grammy_types@v3.23.0/manage.ts": "cc1889661772c4538147febb9ac07ce06992aa4d1d5c238995ff8fe39c1066d2",
    "https://deno.land/x/grammy_types@v3.23.0/markup.ts": "bf335100384fedd89fd2975ba9d5a202ed2fb829c02eb46ed1648ad247818352",
    "https://deno.land/x/grammy_types@v3.23.0/message.ts": "c81494fb38b3a82290bc0da1e184fb2c25d7b95a6932b921d6ee17af8fc68e2e",
    "https://deno.land/x/grammy_types@v3.23.0/methods.ts": "566d85186bdf15dfaab723791522354bd75de328e919d8b9219230b4fdf5752e",
    "https://deno.land/x/grammy_types@v3.23.0/mod.ts": "73efb15e1fb664c99ea32fa707a8cd3ed5ff4a1e21fba2fe1ddc78bb476ef84d",
    "https://deno.land/x/grammy_types@v3.23.0/passport.ts": "19820e7d6c279521f8bc8912d6a378239f73d4ab525453808994b5f44ef95215",
    "https://deno.land/x/grammy_types@v3.23.0/payment.ts": "62c1f38a6bdcbf318066976e141d3b7f34ba8e2deb37f1ce7c86070069d6d5fb",
    "https://deno.land/x/grammy_types@v3.23.0/settings.ts": "9de9c7a850ce2cd4066c09c8b617eda10c0146d67943ddb8b4a01ca79fafaacb",
    "https://deno.land/x/grammy_types@v3.23.0/story.ts": "f558c6e6054a43fa1403c2376f7c0b51e2138f4e0d13f0f6e870ffd1cd085ae2",
    "https://deno.land/x/grammy_types@v3.23.0/update.ts": "71cc0d5ec860149b71415ba03282b1d7edd0466b36e2789521a3b3a3d7796493",
    "https://deno.land/x/redis@v0.40.0/backoff.ts": "33e4a6e245f8743fbae0ce583993a671a3ac2ecee433a3e7f0bd77b5dd541d84",
    "https://deno.land/x/redis@v0.40.0/client.ts": "a64d010d6be7c05ec73002506ca19210ec8bf336987e2b954a12f7b8bdb395c7",
    "https://deno.land/x/redis@v0.40.0/connection.ts": "0cb6b4f006051106229b0dbfa09be2ca3b65fec18899c4019b4ffbcdd549f14f",
    "https://deno.land/x/redis@v0.40.0/deps/std/async.ts": "5a588aefb041cca49f0e6b7e3c397119693a3e07bea89c54cf7fe4a412e37bbf",
    "https://deno.land/x/redis@v0.40.0/deps/std/bytes.ts": "f5b437ebcac77600101a81ef457188516e4944b3c2a931dff5ced3fa0c239b62",
    "https://deno.land/x/redis@v0.40.0/deps/std/io.ts": "b7505c5e738384f5f7a021d7bbd78380490c059cc7c83cd8dada1f86ec16e835",
    "https://deno.land/x/redis@v0.40.0/errors.ts": "8293f56a70ea8388cb80b6e1caa15d350ed1719529fc06573b01a443d0caad69",
    "https://deno.land/x/redis@v0.40.0/internal/encoding.ts": "0525f7f444a96b92cd36423abdfe221f8d8de4a018dc5cb6750a428a5fc897c2",
    "https://deno.land/x/redis@v0.40.0/internal/symbols.ts": "e36097bab1da1c9fe84a3bb9cb0ed1ec10c3dc7dd0b557769c5c54e15d110dd2",
    "https://deno.land/x/redis@v0.40.0/mod.ts": "48e4c8d4c5522766ec2a11059a4f3c48bf60ec618fca6444734beeafda308d9f",
    "https://deno.land/x/redis@v0.40.0/pipeline.ts": "a32e5f1061982819e97af6ee15f76f75b7edb370800f612b66531558e94b5281",
    "https://deno.land/x/redis@v0.40.0/protocol/deno_streams/command.ts": "5c5e5fb639cae22c1f9bfdc87631edcd67bb28bf8590161ae484d293b733aa01",
    "https://deno.land/x/redis@v0.40.0/protocol/deno_streams/mod.ts": "b084bf64d6b795f6c1d0b360d9be221e246a9c033e5d88fd1e82fa14f711d25b",
    "https://deno.land/x/redis@v0.40.0/protocol/deno_streams/reply.ts": "639de34541f207f793393a3cd45f9a23ef308f094d9d3d6ce62f84b175d3af47",
    "https://deno.land/x/redis@v0.40.0/protocol/shared/command.ts": "e75f6be115ff73bd865e01be4e2a28077a9993b1e0c54ed96b6825bfe997d382",
    "https://deno.land/x/redis@v0.40.0/protocol/shared/reply.ts": "3311ff66357bacbd60785cb43b97539c341d8a7d963bc5e80cb864ac81909ea5",
    "https://deno.land/x/redis@v0.40.0/protocol/shared/types.ts": "c6bf2b9eafd69e358a972823d94b8b478c00bac195b87b33b7437de2a9bb7fb4",
    "https://deno.land/x/redis@v0.40.0/redis.ts": "1f42f34578b318910e099dd6312e142cbb01d80660944675d31bd0ca739a0fff",
    "https://deno.land/x/redis@v0.40.0/stream.ts": "d43076815d046eb8428fcd2799544a9fd07b3480099f5fc67d2ba12fdc73725f"
  },
  "workspace": {
    "dependencies": [
      "jsr:@std/assert@1"
    ]
  }
}
